
Microsoft Visual Studio Solution File, Format Version 12.00
# Visual Studio 2013
VisualStudioVersion = 12.0.21005.1
MinimumVisualStudioVersion = 10.0.40219.1
Project("{8BC9CEB8-8B4A-11D0-8D11-00A0C91BC942}") = "6.7", "6.7\6.7.vcxproj", "{60A16022-BFA2-45DF-82DD-8BC958B4E6A0}"
EndProject
Global
	GlobalSection(SolutionConfigurationPlatforms) = preSolution
		Debug|Win32 = Debug|Win32
		Release|Win32 = Release|Win32
	EndGlobalSection
	GlobalSection(ProjectConfigurationPlatforms) = postSolution
		{60A16022-BFA2-45DF-82DD-8BC958B4E6A0}.Debug|Win32.ActiveCfg = Debug|Win32
		{60A16022-BFA2-45DF-82DD-8BC958B4E6A0}.Debug|Win32.Build.0 = Debug|Win32
		{60A16022-BFA2-45DF-82DD-8BC958B4E6A0}.Release|Win32.ActiveCfg = Release|Win32
		{60A16022-BFA2-45DF-82DD-8BC958B4E6A0}.Release|Win32.Build.0 = Release|Win32
	EndGlobalSection
	GlobalSection(SolutionProperties) = preSolution
		HideSolutionNode = FALSE
	EndGlobalSection
EndGlobal
