
Microsoft Visual Studio Solution File, Format Version 12.00
# Visual Studio 2013
VisualStudioVersion = 12.0.21005.1
MinimumVisualStudioVersion = 10.0.40219.1
Project("{8BC9CEB8-8B4A-11D0-8D11-00A0C91BC942}") = "Bstree", "Bstree\Bstree.vcxproj", "{BF649D44-C2AD-4EE9-90AC-ADEA61DAC962}"
EndProject
Global
	GlobalSection(SolutionConfigurationPlatforms) = preSolution
		Debug|Win32 = Debug|Win32
		Release|Win32 = Release|Win32
	EndGlobalSection
	GlobalSection(ProjectConfigurationPlatforms) = postSolution
		{BF649D44-C2AD-4EE9-90AC-ADEA61DAC962}.Debug|Win32.ActiveCfg = Debug|Win32
		{BF649D44-C2AD-4EE9-90AC-ADEA61DAC962}.Debug|Win32.Build.0 = Debug|Win32
		{BF649D44-C2AD-4EE9-90AC-ADEA61DAC962}.Release|Win32.ActiveCfg = Release|Win32
		{BF649D44-C2AD-4EE9-90AC-ADEA61DAC962}.Release|Win32.Build.0 = Release|Win32
	EndGlobalSection
	GlobalSection(SolutionProperties) = preSolution
		HideSolutionNode = FALSE
	EndGlobalSection
EndGlobal
